
Microsoft Visual Studio Solution File, Format Version 12.00
# Visual Studio 15
VisualStudioVersion = 15.0.27004.2008
MinimumVisualStudioVersion = 10.0.40219.1
Project("{FAE04EC0-301F-11D3-BF4B-00C04F79EFBC}") = "SanMarketParser", "SanMarketParser.csproj", "{1E8883A7-4539-42F1-B413-5CB2EFCA846F}"
EndProject
Project("{00D1A9C2-B5F0-4AF3-8072-F6C62B433612}") = "SanMarketParserDatabase", "..\SanMarketParserDatabase\SanMarketParserDatabase.sqlproj", "{EEBF7B3A-CB2B-4080-A806-AFEF3E87D3F1}"
EndProject
Project("{FAE04EC0-301F-11D3-BF4B-00C04F79EFBC}") = "SanMarketAPI", "..\SanMarketAPI\SanMarketAPI.csproj", "{17AE53DD-A44F-46CD-87C2-585D742E76DA}"
EndProject
Project("{FAE04EC0-301F-11D3-BF4B-00C04F79EFBC}") = "BitrixCSV", "..\BitrixCSV\BitrixCSV.csproj", "{C5F2D21C-5E96-4542-990B-39F85E86E99C}"
EndProject
Global
	GlobalSection(SolutionConfigurationPlatforms) = preSolution
		Debug|Any CPU = Debug|Any CPU
		Release|Any CPU = Release|Any CPU
	EndGlobalSection
	GlobalSection(ProjectConfigurationPlatforms) = postSolution
		{1E8883A7-4539-42F1-B413-5CB2EFCA846F}.Debug|Any CPU.ActiveCfg = Debug|Any CPU
		{1E8883A7-4539-42F1-B413-5CB2EFCA846F}.Debug|Any CPU.Build.0 = Debug|Any CPU
		{1E8883A7-4539-42F1-B413-5CB2EFCA846F}.Release|Any CPU.ActiveCfg = Release|Any CPU
		{1E8883A7-4539-42F1-B413-5CB2EFCA846F}.Release|Any CPU.Build.0 = Release|Any CPU
		{EEBF7B3A-CB2B-4080-A806-AFEF3E87D3F1}.Debug|Any CPU.ActiveCfg = Debug|Any CPU
		{EEBF7B3A-CB2B-4080-A806-AFEF3E87D3F1}.Debug|Any CPU.Build.0 = Debug|Any CPU
		{EEBF7B3A-CB2B-4080-A806-AFEF3E87D3F1}.Debug|Any CPU.Deploy.0 = Debug|Any CPU
		{EEBF7B3A-CB2B-4080-A806-AFEF3E87D3F1}.Release|Any CPU.ActiveCfg = Release|Any CPU
		{EEBF7B3A-CB2B-4080-A806-AFEF3E87D3F1}.Release|Any CPU.Build.0 = Release|Any CPU
		{EEBF7B3A-CB2B-4080-A806-AFEF3E87D3F1}.Release|Any CPU.Deploy.0 = Release|Any CPU
		{17AE53DD-A44F-46CD-87C2-585D742E76DA}.Debug|Any CPU.ActiveCfg = Debug|Any CPU
		{17AE53DD-A44F-46CD-87C2-585D742E76DA}.Debug|Any CPU.Build.0 = Debug|Any CPU
		{17AE53DD-A44F-46CD-87C2-585D742E76DA}.Release|Any CPU.ActiveCfg = Release|Any CPU
		{17AE53DD-A44F-46CD-87C2-585D742E76DA}.Release|Any CPU.Build.0 = Release|Any CPU
		{C5F2D21C-5E96-4542-990B-39F85E86E99C}.Debug|Any CPU.ActiveCfg = Debug|Any CPU
		{C5F2D21C-5E96-4542-990B-39F85E86E99C}.Debug|Any CPU.Build.0 = Debug|Any CPU
		{C5F2D21C-5E96-4542-990B-39F85E86E99C}.Release|Any CPU.ActiveCfg = Release|Any CPU
		{C5F2D21C-5E96-4542-990B-39F85E86E99C}.Release|Any CPU.Build.0 = Release|Any CPU
	EndGlobalSection
	GlobalSection(SolutionProperties) = preSolution
		HideSolutionNode = FALSE
	EndGlobalSection
	GlobalSection(ExtensibilityGlobals) = postSolution
		SolutionGuid = {0ED7CDCF-F173-4A16-86BD-45108B099D15}
	EndGlobalSection
EndGlobal
